
Microsoft Visual Studio Solution File, Format Version 12.00
# Visual Studio 15
VisualStudioVersion = 15.0.27130.2036
MinimumVisualStudioVersion = 10.0.40219.1
Project("{FAE04EC0-301F-11D3-BF4B-00C04F79EFBC}") = "App", "App\App.csproj", "{312A445B-3F7A-4F73-9FC0-D1072D5F3637}"
EndProject
Project("{FAE04EC0-301F-11D3-BF4B-00C04F79EFBC}") = "Domain", "Domain\Domain.csproj", "{52D31AC4-66BF-4321-B822-FDB61B5866EE}"
EndProject
Project("{FAE04EC0-301F-11D3-BF4B-00C04F79EFBC}") = "DAL", "DAL\DAL.csproj", "{EAD81BE5-32A0-4D73-915C-41883C5E89D9}"
EndProject
Project("{FAE04EC0-301F-11D3-BF4B-00C04F79EFBC}") = "Test", "Test\Test.csproj", "{D91822D9-9562-47EC-A97E-0F4E72CA08D4}"
EndProject
Global
	GlobalSection(SolutionConfigurationPlatforms) = preSolution
		Debug|Any CPU = Debug|Any CPU
		Release|Any CPU = Release|Any CPU
	EndGlobalSection
	GlobalSection(ProjectConfigurationPlatforms) = postSolution
		{312A445B-3F7A-4F73-9FC0-D1072D5F3637}.Debug|Any CPU.ActiveCfg = Debug|Any CPU
		{312A445B-3F7A-4F73-9FC0-D1072D5F3637}.Debug|Any CPU.Build.0 = Debug|Any CPU
		{312A445B-3F7A-4F73-9FC0-D1072D5F3637}.Release|Any CPU.ActiveCfg = Release|Any CPU
		{312A445B-3F7A-4F73-9FC0-D1072D5F3637}.Release|Any CPU.Build.0 = Release|Any CPU
		{52D31AC4-66BF-4321-B822-FDB61B5866EE}.Debug|Any CPU.ActiveCfg = Debug|Any CPU
		{52D31AC4-66BF-4321-B822-FDB61B5866EE}.Debug|Any CPU.Build.0 = Debug|Any CPU
		{52D31AC4-66BF-4321-B822-FDB61B5866EE}.Release|Any CPU.ActiveCfg = Release|Any CPU
		{52D31AC4-66BF-4321-B822-FDB61B5866EE}.Release|Any CPU.Build.0 = Release|Any CPU
		{EAD81BE5-32A0-4D73-915C-41883C5E89D9}.Debug|Any CPU.ActiveCfg = Debug|Any CPU
		{EAD81BE5-32A0-4D73-915C-41883C5E89D9}.Debug|Any CPU.Build.0 = Debug|Any CPU
		{EAD81BE5-32A0-4D73-915C-41883C5E89D9}.Release|Any CPU.ActiveCfg = Release|Any CPU
		{EAD81BE5-32A0-4D73-915C-41883C5E89D9}.Release|Any CPU.Build.0 = Release|Any CPU
		{D91822D9-9562-47EC-A97E-0F4E72CA08D4}.Debug|Any CPU.ActiveCfg = Debug|Any CPU
		{D91822D9-9562-47EC-A97E-0F4E72CA08D4}.Debug|Any CPU.Build.0 = Debug|Any CPU
		{D91822D9-9562-47EC-A97E-0F4E72CA08D4}.Release|Any CPU.ActiveCfg = Release|Any CPU
		{D91822D9-9562-47EC-A97E-0F4E72CA08D4}.Release|Any CPU.Build.0 = Release|Any CPU
	EndGlobalSection
	GlobalSection(SolutionProperties) = preSolution
		HideSolutionNode = FALSE
	EndGlobalSection
	GlobalSection(ExtensibilityGlobals) = postSolution
		SolutionGuid = {22E6DBBD-A1CC-4722-B9B6-0AE32F5DD4B2}
	EndGlobalSection
EndGlobal
